dependencies:
- name: postgresql
  repository: https://charts.bitnami.com/bitnami
  version: 14.0.2
- name: redis-cluster
  repository: https://charts.bitnami.com/bitnami
  version: 9.5.2
digest: sha256:c1652767473415bed4738959e438cd36667f8d5ad38dfc3d93bc1a38f9561cda
generated: "2024-02-22T21:27:17.084016+01:00"
